
Microsoft Visual Studio Solution File, Format Version 12.00
# Visual Studio Version 16
VisualStudioVersion = 16.0.30114.105
MinimumVisualStudioVersion = 10.0.40219.1
Project("{FAE04EC0-301F-11D3-BF4B-00C04F79EFBC}") = "API", "API\API.csproj", "{FA107414-A4D9-44DA-9A2E-34C667F05F88}"
EndProject
Project("{FAE04EC0-301F-11D3-BF4B-00C04F79EFBC}") = "CodeforcesTool", "CodeforcesTool\CodeforcesTool.csproj", "{6DE6030B-0B96-4878-BEB6-EBD5F60BE230}"
EndProject
Project("{FAE04EC0-301F-11D3-BF4B-00C04F79EFBC}") = "Entities", "Entities\Entities.csproj", "{83D18597-7E05-47C6-A27B-9B9AE8CA4AB2}"
EndProject
Global
	GlobalSection(SolutionConfigurationPlatforms) = preSolution
		Debug|Any CPU = Debug|Any CPU
		Release|Any CPU = Release|Any CPU
	EndGlobalSection
	GlobalSection(SolutionProperties) = preSolution
		HideSolutionNode = FALSE
	EndGlobalSection
	GlobalSection(ProjectConfigurationPlatforms) = postSolution
		{FA107414-A4D9-44DA-9A2E-34C667F05F88}.Debug|Any CPU.ActiveCfg = Debug|Any CPU
		{FA107414-A4D9-44DA-9A2E-34C667F05F88}.Debug|Any CPU.Build.0 = Debug|Any CPU
		{FA107414-A4D9-44DA-9A2E-34C667F05F88}.Release|Any CPU.ActiveCfg = Release|Any CPU
		{FA107414-A4D9-44DA-9A2E-34C667F05F88}.Release|Any CPU.Build.0 = Release|Any CPU
		{6DE6030B-0B96-4878-BEB6-EBD5F60BE230}.Debug|Any CPU.ActiveCfg = Debug|Any CPU
		{6DE6030B-0B96-4878-BEB6-EBD5F60BE230}.Debug|Any CPU.Build.0 = Debug|Any CPU
		{6DE6030B-0B96-4878-BEB6-EBD5F60BE230}.Release|Any CPU.ActiveCfg = Release|Any CPU
		{6DE6030B-0B96-4878-BEB6-EBD5F60BE230}.Release|Any CPU.Build.0 = Release|Any CPU
		{83D18597-7E05-47C6-A27B-9B9AE8CA4AB2}.Debug|Any CPU.ActiveCfg = Debug|Any CPU
		{83D18597-7E05-47C6-A27B-9B9AE8CA4AB2}.Debug|Any CPU.Build.0 = Debug|Any CPU
		{83D18597-7E05-47C6-A27B-9B9AE8CA4AB2}.Release|Any CPU.ActiveCfg = Release|Any CPU
		{83D18597-7E05-47C6-A27B-9B9AE8CA4AB2}.Release|Any CPU.Build.0 = Release|Any CPU
	EndGlobalSection
EndGlobal
